
Microsoft Visual Studio Solution File, Format Version 12.00
# Visual Studio Version 17
VisualStudioVersion = 17.0.32014.148
MinimumVisualStudioVersion = 10.0.40219.1
Project("{FAE04EC0-301F-11D3-BF4B-00C04F79EFBC}") = "helloapp", "helloapp\helloapp.csproj", "{DF11E7C2-012E-4861-B623-D3CE784F3F45}"
EndProject
Global
	GlobalSection(SolutionConfigurationPlatforms) = preSolution
		Debug|Any CPU = Debug|Any CPU
		Release|Any CPU = Release|Any CPU
	EndGlobalSection
	GlobalSection(ProjectConfigurationPlatforms) = postSolution
		{DF11E7C2-012E-4861-B623-D3CE784F3F45}.Debug|Any CPU.ActiveCfg = Debug|Any CPU
		{DF11E7C2-012E-4861-B623-D3CE784F3F45}.Debug|Any CPU.Build.0 = Debug|Any CPU
		{DF11E7C2-012E-4861-B623-D3CE784F3F45}.Release|Any CPU.ActiveCfg = Release|Any CPU
		{DF11E7C2-012E-4861-B623-D3CE784F3F45}.Release|Any CPU.Build.0 = Release|Any CPU
	EndGlobalSection
	GlobalSection(SolutionProperties) = preSolution
		HideSolutionNode = FALSE
	EndGlobalSection
	GlobalSection(ExtensibilityGlobals) = postSolution
		SolutionGuid = {C61D113D-97FB-4C13-8455-42C6E2CB1779}
	EndGlobalSection
EndGlobal
